
Microsoft Visual Studio Solution File, Format Version 12.00
# Visual Studio 15
Project("{FAE04EC0-301F-11D3-BF4B-00C04F79EFBC}") = "UnityEngine.UI", "UnityEngine.UI.csproj", "{BB63BEA1-8268-FB3A-B72D-AD5578107DD6}"
EndProject
Project("{FAE04EC0-301F-11D3-BF4B-00C04F79EFBC}") = "UnityEngine.TestRunner", "UnityEngine.TestRunner.csproj", "{1A7B8F0D-E80D-DFA5-C797-3D6A7C15AD80}"
EndProject
Project("{FAE04EC0-301F-11D3-BF4B-00C04F79EFBC}") = "Unity.2D.Animation.Triangle.Runtime", "Unity.2D.Animation.Triangle.Runtime.csproj", "{3327A0C0-19C3-97AE-18B8-6D71C36F5DB6}"
EndProject
Project("{FAE04EC0-301F-11D3-BF4B-00C04F79EFBC}") = "Unity.TextMeshPro", "Unity.TextMeshPro.csproj", "{109697E0-61FD-A1EA-81F7-C82E77785D42}"
EndProject
Project("{FAE04EC0-301F-11D3-BF4B-00C04F79EFBC}") = "Unity.2D.Animation.Runtime", "Unity.2D.Animation.Runtime.csproj", "{8DF0FC59-251D-A52B-9F58-79795D94061E}"
EndProject
Project("{FAE04EC0-301F-11D3-BF4B-00C04F79EFBC}") = "Unity.Timeline", "Unity.Timeline.csproj", "{07B02353-5FD8-F5D5-AB22-CBB7A48C7D45}"
EndProject
Project("{FAE04EC0-301F-11D3-BF4B-00C04F79EFBC}") = "Assembly-CSharp", "Assembly-CSharp.csproj", "{3890E41F-7E3F-9B2B-4E74-957D2F88AC2C}"
EndProject
Project("{FAE04EC0-301F-11D3-BF4B-00C04F79EFBC}") = "Unity.Mathematics", "Unity.Mathematics.csproj", "{690C4D11-45B3-BB1E-6333-71A1CF2A718C}"
EndProject
Project("{FAE04EC0-301F-11D3-BF4B-00C04F79EFBC}") = "Unity.2D.SpriteShape.Runtime", "Unity.2D.SpriteShape.Runtime.csproj", "{AEC6FE26-4594-47D0-C3F8-0B84358C2AE8}"
EndProject
Project("{FAE04EC0-301F-11D3-BF4B-00C04F79EFBC}") = "Unity.2D.PixelPerfect", "Unity.2D.PixelPerfect.csproj", "{7DA24F73-5540-F155-E754-0DFC27DD435F}"
EndProject
Project("{FAE04EC0-301F-11D3-BF4B-00C04F79EFBC}") = "Unity.InternalAPIEngineBridge.001", "Unity.InternalAPIEngineBridge.001.csproj", "{52D158B4-492B-7BF7-E804-1778399AD975}"
EndProject
Project("{FAE04EC0-301F-11D3-BF4B-00C04F79EFBC}") = "Unity.2D.Common.Runtime", "Unity.2D.Common.Runtime.csproj", "{BC399EAF-2DC5-00CA-0F26-668BBD614CB5}"
EndProject
Project("{FAE04EC0-301F-11D3-BF4B-00C04F79EFBC}") = "UnityEditor.TestRunner", "UnityEditor.TestRunner.csproj", "{E5D58A23-721A-346F-DA8F-33AFCB310B0D}"
EndProject
Project("{FAE04EC0-301F-11D3-BF4B-00C04F79EFBC}") = "Unity.TextMeshPro.Editor", "Unity.TextMeshPro.Editor.csproj", "{F1E5CA9C-D7F1-95CC-057C-AFA05220C52D}"
EndProject
Project("{FAE04EC0-301F-11D3-BF4B-00C04F79EFBC}") = "Unity.Timeline.Editor", "Unity.Timeline.Editor.csproj", "{34E2BC3E-D140-762F-0FE9-5B929E113757}"
EndProject
Project("{FAE04EC0-301F-11D3-BF4B-00C04F79EFBC}") = "Unity.2D.Animation.Editor", "Unity.2D.Animation.Editor.csproj", "{6A3EC25C-862A-71FB-C8DA-8C2BA5A573C3}"
EndProject
Project("{FAE04EC0-301F-11D3-BF4B-00C04F79EFBC}") = "Unity.2D.Path.Editor", "Unity.2D.Path.Editor.csproj", "{AAA97F29-2E36-7C39-1F31-E6606AF73FC7}"
EndProject
Project("{FAE04EC0-301F-11D3-BF4B-00C04F79EFBC}") = "Unity.2D.Sprite.Editor", "Unity.2D.Sprite.Editor.csproj", "{3AF5DD66-F0A4-1AB6-AEC1-6E2BE4921C78}"
EndProject
Project("{FAE04EC0-301F-11D3-BF4B-00C04F79EFBC}") = "UnityEditor.UI", "UnityEditor.UI.csproj", "{81403195-944D-F416-C56E-C0934E1032B6}"
EndProject
Project("{FAE04EC0-301F-11D3-BF4B-00C04F79EFBC}") = "Unity.Rider.Editor", "Unity.Rider.Editor.csproj", "{0F840507-7255-B8B7-4B77-E68019A521B6}"
EndProject
Project("{FAE04EC0-301F-11D3-BF4B-00C04F79EFBC}") = "Unity.2D.Tilemap.Editor", "Unity.2D.Tilemap.Editor.csproj", "{15C8F2EB-7127-DD2C-4754-A70D4B4C131B}"
EndProject
Project("{FAE04EC0-301F-11D3-BF4B-00C04F79EFBC}") = "Unity.2D.SpriteShape.Editor", "Unity.2D.SpriteShape.Editor.csproj", "{C47E5340-A3E6-D6FB-9B3A-2BB9DB023F8E}"
EndProject
Project("{FAE04EC0-301F-11D3-BF4B-00C04F79EFBC}") = "PsdPlugin", "PsdPlugin.csproj", "{38EA8962-CC30-97FE-3EAE-3FFBE1E8906C}"
EndProject
Project("{FAE04EC0-301F-11D3-BF4B-00C04F79EFBC}") = "Assembly-CSharp-Editor", "Assembly-CSharp-Editor.csproj", "{E0BF685A-AF1C-0BB0-BC95-4C0A950BA93B}"
EndProject
Project("{FAE04EC0-301F-11D3-BF4B-00C04F79EFBC}") = "Unity.CollabProxy.Editor", "Unity.CollabProxy.Editor.csproj", "{2E66CDB7-AD9A-94B6-65C2-4A631B45CEE4}"
EndProject
Project("{FAE04EC0-301F-11D3-BF4B-00C04F79EFBC}") = "Assembly-CSharp-Editor-firstpass", "Assembly-CSharp-Editor-firstpass.csproj", "{B11EF86E-EB24-8E15-57B3-EF037FEA4EE0}"
EndProject
Project("{FAE04EC0-301F-11D3-BF4B-00C04F79EFBC}") = "Unity.2D.Common.Editor", "Unity.2D.Common.Editor.csproj", "{EBC96E60-CEA4-11E3-2FF2-9F082AAFA40A}"
EndProject
Project("{FAE04EC0-301F-11D3-BF4B-00C04F79EFBC}") = "Unity.VSCode.Editor", "Unity.VSCode.Editor.csproj", "{542CEE0B-31CB-9953-8CB9-AC7568580803}"
EndProject
Project("{FAE04EC0-301F-11D3-BF4B-00C04F79EFBC}") = "Unity.2D.Psdimporter.Editor", "Unity.2D.Psdimporter.Editor.csproj", "{15E0666B-64C8-3F19-9FB3-DC01741143CD}"
EndProject
Project("{FAE04EC0-301F-11D3-BF4B-00C04F79EFBC}") = "Unity.2D.PixelPerfect.Editor", "Unity.2D.PixelPerfect.Editor.csproj", "{964E86BB-6C5E-A8B0-A0B0-34772EE9E29E}"
EndProject
Project("{FAE04EC0-301F-11D3-BF4B-00C04F79EFBC}") = "Sirenix.OdinInspector.CompatibilityLayer.Editor", "Sirenix.OdinInspector.CompatibilityLayer.Editor.csproj", "{2A0EAAC4-C199-BE8F-3793-0DF0655B7E69}"
EndProject
Project("{FAE04EC0-301F-11D3-BF4B-00C04F79EFBC}") = "Unity.Mathematics.Editor", "Unity.Mathematics.Editor.csproj", "{6EFB1E65-A9FE-321D-8665-8C942E3BEABF}"
EndProject
Project("{FAE04EC0-301F-11D3-BF4B-00C04F79EFBC}") = "Unity.InternalAPIEditorBridge.001", "Unity.InternalAPIEditorBridge.001.csproj", "{6BA6AAD0-21CD-0E33-3396-8052A4B97308}"
EndProject
Project("{FAE04EC0-301F-11D3-BF4B-00C04F79EFBC}") = "Assembly-CSharp.Player", "Assembly-CSharp.Player.csproj", "{6066E543-6188-A440-E372-875A7F02E00F}"
EndProject
Global
	GlobalSection(SolutionConfigurationPlatforms) = preSolution
		Debug|Any CPU = Debug|Any CPU
		Release|Any CPU = Release|Any CPU
	EndGlobalSection
	GlobalSection(ProjectConfigurationPlatforms) = postSolution
		{BB63BEA1-8268-FB3A-B72D-AD5578107DD6}.Debug|Any CPU.ActiveCfg = Debug|Any CPU
		{BB63BEA1-8268-FB3A-B72D-AD5578107DD6}.Debug|Any CPU.Build.0 = Debug|Any CPU
		{BB63BEA1-8268-FB3A-B72D-AD5578107DD6}.Release|Any CPU.ActiveCfg = Release|Any CPU
		{BB63BEA1-8268-FB3A-B72D-AD5578107DD6}.Release|Any CPU.Build.0 = Release|Any CPU
		{1A7B8F0D-E80D-DFA5-C797-3D6A7C15AD80}.Debug|Any CPU.ActiveCfg = Debug|Any CPU
		{1A7B8F0D-E80D-DFA5-C797-3D6A7C15AD80}.Debug|Any CPU.Build.0 = Debug|Any CPU
		{1A7B8F0D-E80D-DFA5-C797-3D6A7C15AD80}.Release|Any CPU.ActiveCfg = Release|Any CPU
		{1A7B8F0D-E80D-DFA5-C797-3D6A7C15AD80}.Release|Any CPU.Build.0 = Release|Any CPU
		{3327A0C0-19C3-97AE-18B8-6D71C36F5DB6}.Debug|Any CPU.ActiveCfg = Debug|Any CPU
		{3327A0C0-19C3-97AE-18B8-6D71C36F5DB6}.Debug|Any CPU.Build.0 = Debug|Any CPU
		{3327A0C0-19C3-97AE-18B8-6D71C36F5DB6}.Release|Any CPU.ActiveCfg = Release|Any CPU
		{3327A0C0-19C3-97AE-18B8-6D71C36F5DB6}.Release|Any CPU.Build.0 = Release|Any CPU
		{109697E0-61FD-A1EA-81F7-C82E77785D42}.Debug|Any CPU.ActiveCfg = Debug|Any CPU
		{109697E0-61FD-A1EA-81F7-C82E77785D42}.Debug|Any CPU.Build.0 = Debug|Any CPU
		{109697E0-61FD-A1EA-81F7-C82E77785D42}.Release|Any CPU.ActiveCfg = Release|Any CPU
		{109697E0-61FD-A1EA-81F7-C82E77785D42}.Release|Any CPU.Build.0 = Release|Any CPU
		{8DF0FC59-251D-A52B-9F58-79795D94061E}.Debug|Any CPU.ActiveCfg = Debug|Any CPU
		{8DF0FC59-251D-A52B-9F58-79795D94061E}.Debug|Any CPU.Build.0 = Debug|Any CPU
		{8DF0FC59-251D-A52B-9F58-79795D94061E}.Release|Any CPU.ActiveCfg = Release|Any CPU
		{8DF0FC59-251D-A52B-9F58-79795D94061E}.Release|Any CPU.Build.0 = Release|Any CPU
		{07B02353-5FD8-F5D5-AB22-CBB7A48C7D45}.Debug|Any CPU.ActiveCfg = Debug|Any CPU
		{07B02353-5FD8-F5D5-AB22-CBB7A48C7D45}.Debug|Any CPU.Build.0 = Debug|Any CPU
		{07B02353-5FD8-F5D5-AB22-CBB7A48C7D45}.Release|Any CPU.ActiveCfg = Release|Any CPU
		{07B02353-5FD8-F5D5-AB22-CBB7A48C7D45}.Release|Any CPU.Build.0 = Release|Any CPU
		{3890E41F-7E3F-9B2B-4E74-957D2F88AC2C}.Debug|Any CPU.ActiveCfg = Debug|Any CPU
		{3890E41F-7E3F-9B2B-4E74-957D2F88AC2C}.Debug|Any CPU.Build.0 = Debug|Any CPU
		{3890E41F-7E3F-9B2B-4E74-957D2F88AC2C}.Release|Any CPU.ActiveCfg = Release|Any CPU
		{3890E41F-7E3F-9B2B-4E74-957D2F88AC2C}.Release|Any CPU.Build.0 = Release|Any CPU
		{690C4D11-45B3-BB1E-6333-71A1CF2A718C}.Debug|Any CPU.ActiveCfg = Debug|Any CPU
		{690C4D11-45B3-BB1E-6333-71A1CF2A718C}.Debug|Any CPU.Build.0 = Debug|Any CPU
		{690C4D11-45B3-BB1E-6333-71A1CF2A718C}.Release|Any CPU.ActiveCfg = Release|Any CPU
		{690C4D11-45B3-BB1E-6333-71A1CF2A718C}.Release|Any CPU.Build.0 = Release|Any CPU
		{AEC6FE26-4594-47D0-C3F8-0B84358C2AE8}.Debug|Any CPU.ActiveCfg = Debug|Any CPU
		{AEC6FE26-4594-47D0-C3F8-0B84358C2AE8}.Debug|Any CPU.Build.0 = Debug|Any CPU
		{AEC6FE26-4594-47D0-C3F8-0B84358C2AE8}.Release|Any CPU.ActiveCfg = Release|Any CPU
		{AEC6FE26-4594-47D0-C3F8-0B84358C2AE8}.Release|Any CPU.Build.0 = Release|Any CPU
		{7DA24F73-5540-F155-E754-0DFC27DD435F}.Debug|Any CPU.ActiveCfg = Debug|Any CPU
		{7DA24F73-5540-F155-E754-0DFC27DD435F}.Debug|Any CPU.Build.0 = Debug|Any CPU
		{7DA24F73-5540-F155-E754-0DFC27DD435F}.Release|Any CPU.ActiveCfg = Release|Any CPU
		{7DA24F73-5540-F155-E754-0DFC27DD435F}.Release|Any CPU.Build.0 = Release|Any CPU
		{52D158B4-492B-7BF7-E804-1778399AD975}.Debug|Any CPU.ActiveCfg = Debug|Any CPU
		{52D158B4-492B-7BF7-E804-1778399AD975}.Debug|Any CPU.Build.0 = Debug|Any CPU
		{52D158B4-492B-7BF7-E804-1778399AD975}.Release|Any CPU.ActiveCfg = Release|Any CPU
		{52D158B4-492B-7BF7-E804-1778399AD975}.Release|Any CPU.Build.0 = Release|Any CPU
		{BC399EAF-2DC5-00CA-0F26-668BBD614CB5}.Debug|Any CPU.ActiveCfg = Debug|Any CPU
		{BC399EAF-2DC5-00CA-0F26-668BBD614CB5}.Debug|Any CPU.Build.0 = Debug|Any CPU
		{BC399EAF-2DC5-00CA-0F26-668BBD614CB5}.Release|Any CPU.ActiveCfg = Release|Any CPU
		{BC399EAF-2DC5-00CA-0F26-668BBD614CB5}.Release|Any CPU.Build.0 = Release|Any CPU
		{E5D58A23-721A-346F-DA8F-33AFCB310B0D}.Debug|Any CPU.ActiveCfg = Debug|Any CPU
		{E5D58A23-721A-346F-DA8F-33AFCB310B0D}.Debug|Any CPU.Build.0 = Debug|Any CPU
		{E5D58A23-721A-346F-DA8F-33AFCB310B0D}.Release|Any CPU.ActiveCfg = Release|Any CPU
		{E5D58A23-721A-346F-DA8F-33AFCB310B0D}.Release|Any CPU.Build.0 = Release|Any CPU
		{F1E5CA9C-D7F1-95CC-057C-AFA05220C52D}.Debug|Any CPU.ActiveCfg = Debug|Any CPU
		{F1E5CA9C-D7F1-95CC-057C-AFA05220C52D}.Debug|Any CPU.Build.0 = Debug|Any CPU
		{F1E5CA9C-D7F1-95CC-057C-AFA05220C52D}.Release|Any CPU.ActiveCfg = Release|Any CPU
		{F1E5CA9C-D7F1-95CC-057C-AFA05220C52D}.Release|Any CPU.Build.0 = Release|Any CPU
		{34E2BC3E-D140-762F-0FE9-5B929E113757}.Debug|Any CPU.ActiveCfg = Debug|Any CPU
		{34E2BC3E-D140-762F-0FE9-5B929E113757}.Debug|Any CPU.Build.0 = Debug|Any CPU
		{34E2BC3E-D140-762F-0FE9-5B929E113757}.Release|Any CPU.ActiveCfg = Release|Any CPU
		{34E2BC3E-D140-762F-0FE9-5B929E113757}.Release|Any CPU.Build.0 = Release|Any CPU
		{6A3EC25C-862A-71FB-C8DA-8C2BA5A573C3}.Debug|Any CPU.ActiveCfg = Debug|Any CPU
		{6A3EC25C-862A-71FB-C8DA-8C2BA5A573C3}.Debug|Any CPU.Build.0 = Debug|Any CPU
		{6A3EC25C-862A-71FB-C8DA-8C2BA5A573C3}.Release|Any CPU.ActiveCfg = Release|Any CPU
		{6A3EC25C-862A-71FB-C8DA-8C2BA5A573C3}.Release|Any CPU.Build.0 = Release|Any CPU
		{AAA97F29-2E36-7C39-1F31-E6606AF73FC7}.Debug|Any CPU.ActiveCfg = Debug|Any CPU
		{AAA97F29-2E36-7C39-1F31-E6606AF73FC7}.Debug|Any CPU.Build.0 = Debug|Any CPU
		{AAA97F29-2E36-7C39-1F31-E6606AF73FC7}.Release|Any CPU.ActiveCfg = Release|Any CPU
		{AAA97F29-2E36-7C39-1F31-E6606AF73FC7}.Release|Any CPU.Build.0 = Release|Any CPU
		{3AF5DD66-F0A4-1AB6-AEC1-6E2BE4921C78}.Debug|Any CPU.ActiveCfg = Debug|Any CPU
		{3AF5DD66-F0A4-1AB6-AEC1-6E2BE4921C78}.Debug|Any CPU.Build.0 = Debug|Any CPU
		{3AF5DD66-F0A4-1AB6-AEC1-6E2BE4921C78}.Release|Any CPU.ActiveCfg = Release|Any CPU
		{3AF5DD66-F0A4-1AB6-AEC1-6E2BE4921C78}.Release|Any CPU.Build.0 = Release|Any CPU
		{81403195-944D-F416-C56E-C0934E1032B6}.Debug|Any CPU.ActiveCfg = Debug|Any CPU
		{81403195-944D-F416-C56E-C0934E1032B6}.Debug|Any CPU.Build.0 = Debug|Any CPU
		{81403195-944D-F416-C56E-C0934E1032B6}.Release|Any CPU.ActiveCfg = Release|Any CPU
		{81403195-944D-F416-C56E-C0934E1032B6}.Release|Any CPU.Build.0 = Release|Any CPU
		{0F840507-7255-B8B7-4B77-E68019A521B6}.Debug|Any CPU.ActiveCfg = Debug|Any CPU
		{0F840507-7255-B8B7-4B77-E68019A521B6}.Debug|Any CPU.Build.0 = Debug|Any CPU
		{0F840507-7255-B8B7-4B77-E68019A521B6}.Release|Any CPU.ActiveCfg = Release|Any CPU
		{0F840507-7255-B8B7-4B77-E68019A521B6}.Release|Any CPU.Build.0 = Release|Any CPU
		{15C8F2EB-7127-DD2C-4754-A70D4B4C131B}.Debug|Any CPU.ActiveCfg = Debug|Any CPU
		{15C8F2EB-7127-DD2C-4754-A70D4B4C131B}.Debug|Any CPU.Build.0 = Debug|Any CPU
		{15C8F2EB-7127-DD2C-4754-A70D4B4C131B}.Release|Any CPU.ActiveCfg = Release|Any CPU
		{15C8F2EB-7127-DD2C-4754-A70D4B4C131B}.Release|Any CPU.Build.0 = Release|Any CPU
		{C47E5340-A3E6-D6FB-9B3A-2BB9DB023F8E}.Debug|Any CPU.ActiveCfg = Debug|Any CPU
		{C47E5340-A3E6-D6FB-9B3A-2BB9DB023F8E}.Debug|Any CPU.Build.0 = Debug|Any CPU
		{C47E5340-A3E6-D6FB-9B3A-2BB9DB023F8E}.Release|Any CPU.ActiveCfg = Release|Any CPU
		{C47E5340-A3E6-D6FB-9B3A-2BB9DB023F8E}.Release|Any CPU.Build.0 = Release|Any CPU
		{38EA8962-CC30-97FE-3EAE-3FFBE1E8906C}.Debug|Any CPU.ActiveCfg = Debug|Any CPU
		{38EA8962-CC30-97FE-3EAE-3FFBE1E8906C}.Debug|Any CPU.Build.0 = Debug|Any CPU
		{38EA8962-CC30-97FE-3EAE-3FFBE1E8906C}.Release|Any CPU.ActiveCfg = Release|Any CPU
		{38EA8962-CC30-97FE-3EAE-3FFBE1E8906C}.Release|Any CPU.Build.0 = Release|Any CPU
		{E0BF685A-AF1C-0BB0-BC95-4C0A950BA93B}.Debug|Any CPU.ActiveCfg = Debug|Any CPU
		{E0BF685A-AF1C-0BB0-BC95-4C0A950BA93B}.Debug|Any CPU.Build.0 = Debug|Any CPU
		{E0BF685A-AF1C-0BB0-BC95-4C0A950BA93B}.Release|Any CPU.ActiveCfg = Release|Any CPU
		{E0BF685A-AF1C-0BB0-BC95-4C0A950BA93B}.Release|Any CPU.Build.0 = Release|Any CPU
		{2E66CDB7-AD9A-94B6-65C2-4A631B45CEE4}.Debug|Any CPU.ActiveCfg = Debug|Any CPU
		{2E66CDB7-AD9A-94B6-65C2-4A631B45CEE4}.Debug|Any CPU.Build.0 = Debug|Any CPU
		{2E66CDB7-AD9A-94B6-65C2-4A631B45CEE4}.Release|Any CPU.ActiveCfg = Release|Any CPU
		{2E66CDB7-AD9A-94B6-65C2-4A631B45CEE4}.Release|Any CPU.Build.0 = Release|Any CPU
		{B11EF86E-EB24-8E15-57B3-EF037FEA4EE0}.Debug|Any CPU.ActiveCfg = Debug|Any CPU
		{B11EF86E-EB24-8E15-57B3-EF037FEA4EE0}.Debug|Any CPU.Build.0 = Debug|Any CPU
		{B11EF86E-EB24-8E15-57B3-EF037FEA4EE0}.Release|Any CPU.ActiveCfg = Release|Any CPU
		{B11EF86E-EB24-8E15-57B3-EF037FEA4EE0}.Release|Any CPU.Build.0 = Release|Any CPU
		{EBC96E60-CEA4-11E3-2FF2-9F082AAFA40A}.Debug|Any CPU.ActiveCfg = Debug|Any CPU
		{EBC96E60-CEA4-11E3-2FF2-9F082AAFA40A}.Debug|Any CPU.Build.0 = Debug|Any CPU
		{EBC96E60-CEA4-11E3-2FF2-9F082AAFA40A}.Release|Any CPU.ActiveCfg = Release|Any CPU
		{EBC96E60-CEA4-11E3-2FF2-9F082AAFA40A}.Release|Any CPU.Build.0 = Release|Any CPU
		{542CEE0B-31CB-9953-8CB9-AC7568580803}.Debug|Any CPU.ActiveCfg = Debug|Any CPU
		{542CEE0B-31CB-9953-8CB9-AC7568580803}.Debug|Any CPU.Build.0 = Debug|Any CPU
		{542CEE0B-31CB-9953-8CB9-AC7568580803}.Release|Any CPU.ActiveCfg = Release|Any CPU
		{542CEE0B-31CB-9953-8CB9-AC7568580803}.Release|Any CPU.Build.0 = Release|Any CPU
		{15E0666B-64C8-3F19-9FB3-DC01741143CD}.Debug|Any CPU.ActiveCfg = Debug|Any CPU
		{15E0666B-64C8-3F19-9FB3-DC01741143CD}.Debug|Any CPU.Build.0 = Debug|Any CPU
		{15E0666B-64C8-3F19-9FB3-DC01741143CD}.Release|Any CPU.ActiveCfg = Release|Any CPU
		{15E0666B-64C8-3F19-9FB3-DC01741143CD}.Release|Any CPU.Build.0 = Release|Any CPU
		{964E86BB-6C5E-A8B0-A0B0-34772EE9E29E}.Debug|Any CPU.ActiveCfg = Debug|Any CPU
		{964E86BB-6C5E-A8B0-A0B0-34772EE9E29E}.Debug|Any CPU.Build.0 = Debug|Any CPU
		{964E86BB-6C5E-A8B0-A0B0-34772EE9E29E}.Release|Any CPU.ActiveCfg = Release|Any CPU
		{964E86BB-6C5E-A8B0-A0B0-34772EE9E29E}.Release|Any CPU.Build.0 = Release|Any CPU
		{2A0EAAC4-C199-BE8F-3793-0DF0655B7E69}.Debug|Any CPU.ActiveCfg = Debug|Any CPU
		{2A0EAAC4-C199-BE8F-3793-0DF0655B7E69}.Debug|Any CPU.Build.0 = Debug|Any CPU
		{2A0EAAC4-C199-BE8F-3793-0DF0655B7E69}.Release|Any CPU.ActiveCfg = Release|Any CPU
		{2A0EAAC4-C199-BE8F-3793-0DF0655B7E69}.Release|Any CPU.Build.0 = Release|Any CPU
		{6EFB1E65-A9FE-321D-8665-8C942E3BEABF}.Debug|Any CPU.ActiveCfg = Debug|Any CPU
		{6EFB1E65-A9FE-321D-8665-8C942E3BEABF}.Debug|Any CPU.Build.0 = Debug|Any CPU
		{6EFB1E65-A9FE-321D-8665-8C942E3BEABF}.Release|Any CPU.ActiveCfg = Release|Any CPU
		{6EFB1E65-A9FE-321D-8665-8C942E3BEABF}.Release|Any CPU.Build.0 = Release|Any CPU
		{6BA6AAD0-21CD-0E33-3396-8052A4B97308}.Debug|Any CPU.ActiveCfg = Debug|Any CPU
		{6BA6AAD0-21CD-0E33-3396-8052A4B97308}.Debug|Any CPU.Build.0 = Debug|Any CPU
		{6BA6AAD0-21CD-0E33-3396-8052A4B97308}.Release|Any CPU.ActiveCfg = Release|Any CPU
		{6BA6AAD0-21CD-0E33-3396-8052A4B97308}.Release|Any CPU.Build.0 = Release|Any CPU
		{6066E543-6188-A440-E372-875A7F02E00F}.Debug|Any CPU.ActiveCfg = Debug|Any CPU
		{6066E543-6188-A440-E372-875A7F02E00F}.Debug|Any CPU.Build.0 = Debug|Any CPU
		{6066E543-6188-A440-E372-875A7F02E00F}.Release|Any CPU.ActiveCfg = Release|Any CPU
		{6066E543-6188-A440-E372-875A7F02E00F}.Release|Any CPU.Build.0 = Release|Any CPU
	EndGlobalSection
	GlobalSection(SolutionProperties) = preSolution
		HideSolutionNode = FALSE
	EndGlobalSection
EndGlobal
